
Microsoft Visual Studio Solution File, Format Version 12.00
# Visual Studio 15
VisualStudioVersion = 15.0.28307.271
MinimumVisualStudioVersion = 10.0.40219.1
Project("{FAE04EC0-301F-11D3-BF4B-00C04F79EFBC}") = "SomeLibrary", "SomeLibrary\SomeLibrary.csproj", "{0A39DE84-93D6-427C-928B-5BD144686EC3}"
EndProject
Project("{FAE04EC0-301F-11D3-BF4B-00C04F79EFBC}") = "DependentLibrary", "DependentLibrary\DependentLibrary.csproj", "{F4D4AA28-768F-454A-873F-EF2F8DC04C31}"
EndProject
Global
	GlobalSection(SolutionConfigurationPlatforms) = preSolution
		Debug|Any CPU = Debug|Any CPU
		Release|Any CPU = Release|Any CPU
	EndGlobalSection
	GlobalSection(ProjectConfigurationPlatforms) = postSolution
		{0A39DE84-93D6-427C-928B-5BD144686EC3}.Debug|Any CPU.ActiveCfg = Debug|Any CPU
		{0A39DE84-93D6-427C-928B-5BD144686EC3}.Debug|Any CPU.Build.0 = Debug|Any CPU
		{0A39DE84-93D6-427C-928B-5BD144686EC3}.Release|Any CPU.ActiveCfg = Release|Any CPU
		{0A39DE84-93D6-427C-928B-5BD144686EC3}.Release|Any CPU.Build.0 = Release|Any CPU
		{F4D4AA28-768F-454A-873F-EF2F8DC04C31}.Debug|Any CPU.ActiveCfg = Debug|Any CPU
		{F4D4AA28-768F-454A-873F-EF2F8DC04C31}.Debug|Any CPU.Build.0 = Debug|Any CPU
		{F4D4AA28-768F-454A-873F-EF2F8DC04C31}.Release|Any CPU.ActiveCfg = Release|Any CPU
		{F4D4AA28-768F-454A-873F-EF2F8DC04C31}.Release|Any CPU.Build.0 = Release|Any CPU
	EndGlobalSection
	GlobalSection(SolutionProperties) = preSolution
		HideSolutionNode = FALSE
	EndGlobalSection
	GlobalSection(ExtensibilityGlobals) = postSolution
		SolutionGuid = {19E67AF7-28E8-45E7-A738-192B688746FF}
	EndGlobalSection
EndGlobal
