
Microsoft Visual Studio Solution File, Format Version 12.00
# Visual Studio Version 16
VisualStudioVersion = 16.0.30907.101
MinimumVisualStudioVersion = 10.0.40219.1
Project("{FAE04EC0-301F-11D3-BF4B-00C04F79EFBC}") = "AnalysisExperimentsTests", "AnalysisExperimentsTests\AnalysisExperimentsTests.csproj", "{AE2189F0-2552-4426-8A37-F316B3F17829}"
EndProject
Project("{2150E333-8FDC-42A3-9474-1A3956D46DE8}") = "Examples", "Examples", "{9FE82BB1-4565-42A3-9352-3220BD2DC4C4}"
EndProject
Project("{FAE04EC0-301F-11D3-BF4B-00C04F79EFBC}") = "GoodExample", "Examples\GoodExample\GoodExample.csproj", "{9CD53E21-E3C3-4E74-8CD0-80B0C69B151C}"
EndProject
Project("{FAE04EC0-301F-11D3-BF4B-00C04F79EFBC}") = "BadExample", "Examples\BadExample\BadExample.csproj", "{34755E3A-56C8-46DE-987D-840F68F3C5D6}"
EndProject
Project("{FAE04EC0-301F-11D3-BF4B-00C04F79EFBC}") = "SourceCheckUtil", "SourceCheckUtil\SourceCheckUtil.csproj", "{DAD110FA-ABCC-4466-9C3D-7F5C851A8904}"
EndProject
Project("{FAE04EC0-301F-11D3-BF4B-00C04F79EFBC}") = "SourceCheckUtilTests", "SourceCheckUtilTests\SourceCheckUtilTests.csproj", "{3055A209-D058-435F-8A06-EEC91A6C3783}"
EndProject
Project("{FAE04EC0-301F-11D3-BF4B-00C04F79EFBC}") = "SolutionStructureTests", "SolutionStructureTests\SolutionStructureTests.csproj", "{72443D46-8E59-4524-A664-5EF71C65A6C3}"
EndProject
Global
	GlobalSection(SolutionConfigurationPlatforms) = preSolution
		Debug|Any CPU = Debug|Any CPU
		Release|Any CPU = Release|Any CPU
	EndGlobalSection
	GlobalSection(ProjectConfigurationPlatforms) = postSolution
		{AE2189F0-2552-4426-8A37-F316B3F17829}.Debug|Any CPU.ActiveCfg = Debug|Any CPU
		{AE2189F0-2552-4426-8A37-F316B3F17829}.Debug|Any CPU.Build.0 = Debug|Any CPU
		{AE2189F0-2552-4426-8A37-F316B3F17829}.Release|Any CPU.ActiveCfg = Release|Any CPU
		{AE2189F0-2552-4426-8A37-F316B3F17829}.Release|Any CPU.Build.0 = Release|Any CPU
		{9CD53E21-E3C3-4E74-8CD0-80B0C69B151C}.Debug|Any CPU.ActiveCfg = Debug|Any CPU
		{9CD53E21-E3C3-4E74-8CD0-80B0C69B151C}.Debug|Any CPU.Build.0 = Debug|Any CPU
		{9CD53E21-E3C3-4E74-8CD0-80B0C69B151C}.Release|Any CPU.ActiveCfg = Release|Any CPU
		{9CD53E21-E3C3-4E74-8CD0-80B0C69B151C}.Release|Any CPU.Build.0 = Release|Any CPU
		{34755E3A-56C8-46DE-987D-840F68F3C5D6}.Debug|Any CPU.ActiveCfg = Debug|Any CPU
		{34755E3A-56C8-46DE-987D-840F68F3C5D6}.Debug|Any CPU.Build.0 = Debug|Any CPU
		{34755E3A-56C8-46DE-987D-840F68F3C5D6}.Release|Any CPU.ActiveCfg = Release|Any CPU
		{34755E3A-56C8-46DE-987D-840F68F3C5D6}.Release|Any CPU.Build.0 = Release|Any CPU
		{DAD110FA-ABCC-4466-9C3D-7F5C851A8904}.Debug|Any CPU.ActiveCfg = Debug|Any CPU
		{DAD110FA-ABCC-4466-9C3D-7F5C851A8904}.Debug|Any CPU.Build.0 = Debug|Any CPU
		{DAD110FA-ABCC-4466-9C3D-7F5C851A8904}.Release|Any CPU.ActiveCfg = Release|Any CPU
		{DAD110FA-ABCC-4466-9C3D-7F5C851A8904}.Release|Any CPU.Build.0 = Release|Any CPU
		{3055A209-D058-435F-8A06-EEC91A6C3783}.Debug|Any CPU.ActiveCfg = Debug|Any CPU
		{3055A209-D058-435F-8A06-EEC91A6C3783}.Debug|Any CPU.Build.0 = Debug|Any CPU
		{3055A209-D058-435F-8A06-EEC91A6C3783}.Release|Any CPU.ActiveCfg = Release|Any CPU
		{3055A209-D058-435F-8A06-EEC91A6C3783}.Release|Any CPU.Build.0 = Release|Any CPU
		{72443D46-8E59-4524-A664-5EF71C65A6C3}.Debug|Any CPU.ActiveCfg = Debug|Any CPU
		{72443D46-8E59-4524-A664-5EF71C65A6C3}.Debug|Any CPU.Build.0 = Debug|Any CPU
		{72443D46-8E59-4524-A664-5EF71C65A6C3}.Release|Any CPU.ActiveCfg = Release|Any CPU
		{72443D46-8E59-4524-A664-5EF71C65A6C3}.Release|Any CPU.Build.0 = Release|Any CPU
	EndGlobalSection
	GlobalSection(SolutionProperties) = preSolution
		HideSolutionNode = FALSE
	EndGlobalSection
	GlobalSection(NestedProjects) = preSolution
		{9CD53E21-E3C3-4E74-8CD0-80B0C69B151C} = {9FE82BB1-4565-42A3-9352-3220BD2DC4C4}
		{34755E3A-56C8-46DE-987D-840F68F3C5D6} = {9FE82BB1-4565-42A3-9352-3220BD2DC4C4}
	EndGlobalSection
	GlobalSection(ExtensibilityGlobals) = postSolution
		SolutionGuid = {F4BE9B5F-D3FE-4AB8-8583-6A588FC0A1CC}
	EndGlobalSection
EndGlobal
