
Microsoft Visual Studio Solution File, Format Version 12.00
# Visual Studio 15
VisualStudioVersion = 15.0.28307.271
MinimumVisualStudioVersion = 10.0.40219.1
Project("{FAE04EC0-301F-11D3-BF4B-00C04F79EFBC}") = "AnalysisExperimentsTests", "AnalysisExperimentsTests\AnalysisExperimentsTests.csproj", "{AE2189F0-2552-4426-8A37-F316B3F17829}"
EndProject
Global
	GlobalSection(SolutionConfigurationPlatforms) = preSolution
		Debug|Any CPU = Debug|Any CPU
		Release|Any CPU = Release|Any CPU
	EndGlobalSection
	GlobalSection(ProjectConfigurationPlatforms) = postSolution
		{AE2189F0-2552-4426-8A37-F316B3F17829}.Debug|Any CPU.ActiveCfg = Debug|Any CPU
		{AE2189F0-2552-4426-8A37-F316B3F17829}.Debug|Any CPU.Build.0 = Debug|Any CPU
		{AE2189F0-2552-4426-8A37-F316B3F17829}.Release|Any CPU.ActiveCfg = Release|Any CPU
		{AE2189F0-2552-4426-8A37-F316B3F17829}.Release|Any CPU.Build.0 = Release|Any CPU
	EndGlobalSection
	GlobalSection(SolutionProperties) = preSolution
		HideSolutionNode = FALSE
	EndGlobalSection
	GlobalSection(ExtensibilityGlobals) = postSolution
		SolutionGuid = {F4BE9B5F-D3FE-4AB8-8583-6A588FC0A1CC}
	EndGlobalSection
EndGlobal
